
Microsoft Visual Studio Solution File, Format Version 12.00
# Visual Studio Version 17
VisualStudioVersion = 17.0.31903.59
MinimumVisualStudioVersion = 10.0.40219.1
Project("{FAE04EC0-301F-11D3-BF4B-00C04F79EFBC}") = "STO.Core", "STO.Core\STO.Core.csproj", "{6BDFE773-1C9D-4857-8372-4B8B29B79DBA}"
EndProject
Project("{FAE04EC0-301F-11D3-BF4B-00C04F79EFBC}") = "STO.Infrastructure", "STO.Infrastructure\STO.Infrastructure.csproj", "{472CB59E-E948-4012-9F81-274DA8FE5BB1}"
EndProject
Project("{FAE04EC0-301F-11D3-BF4B-00C04F79EFBC}") = "STO.Web", "STO.Web\STO.Web.csproj", "{4133F32A-18CA-42CF-8E57-87AD41D871BD}"
EndProject
Project("{FAE04EC0-301F-11D3-BF4B-00C04F79EFBC}") = "STO.Services", "STO.Services\STO.Services.csproj", "{2E1E9451-9BBC-4A30-A3FB-5D1B082B248C}"
EndProject
Project("{FAE04EC0-301F-11D3-BF4B-00C04F79EFBC}") = "STO.DTO", "STO.DTO\STO.DTO.csproj", "{18548946-8CF9-4AA9-885B-F59A9C9DFC50}"
EndProject
Global
	GlobalSection(SolutionConfigurationPlatforms) = preSolution
		Debug|Any CPU = Debug|Any CPU
		Debug|x64 = Debug|x64
		Debug|x86 = Debug|x86
		Release|Any CPU = Release|Any CPU
		Release|x64 = Release|x64
		Release|x86 = Release|x86
	EndGlobalSection
	GlobalSection(ProjectConfigurationPlatforms) = postSolution
		{6BDFE773-1C9D-4857-8372-4B8B29B79DBA}.Debug|Any CPU.ActiveCfg = Debug|Any CPU
		{6BDFE773-1C9D-4857-8372-4B8B29B79DBA}.Debug|Any CPU.Build.0 = Debug|Any CPU
		{6BDFE773-1C9D-4857-8372-4B8B29B79DBA}.Debug|x64.ActiveCfg = Debug|Any CPU
		{6BDFE773-1C9D-4857-8372-4B8B29B79DBA}.Debug|x64.Build.0 = Debug|Any CPU
		{6BDFE773-1C9D-4857-8372-4B8B29B79DBA}.Debug|x86.ActiveCfg = Debug|Any CPU
		{6BDFE773-1C9D-4857-8372-4B8B29B79DBA}.Debug|x86.Build.0 = Debug|Any CPU
		{6BDFE773-1C9D-4857-8372-4B8B29B79DBA}.Release|Any CPU.ActiveCfg = Release|Any CPU
		{6BDFE773-1C9D-4857-8372-4B8B29B79DBA}.Release|Any CPU.Build.0 = Release|Any CPU
		{6BDFE773-1C9D-4857-8372-4B8B29B79DBA}.Release|x64.ActiveCfg = Release|Any CPU
		{6BDFE773-1C9D-4857-8372-4B8B29B79DBA}.Release|x64.Build.0 = Release|Any CPU
		{6BDFE773-1C9D-4857-8372-4B8B29B79DBA}.Release|x86.ActiveCfg = Release|Any CPU
		{6BDFE773-1C9D-4857-8372-4B8B29B79DBA}.Release|x86.Build.0 = Release|Any CPU
		{472CB59E-E948-4012-9F81-274DA8FE5BB1}.Debug|Any CPU.ActiveCfg = Debug|Any CPU
		{472CB59E-E948-4012-9F81-274DA8FE5BB1}.Debug|Any CPU.Build.0 = Debug|Any CPU
		{472CB59E-E948-4012-9F81-274DA8FE5BB1}.Debug|x64.ActiveCfg = Debug|Any CPU
		{472CB59E-E948-4012-9F81-274DA8FE5BB1}.Debug|x64.Build.0 = Debug|Any CPU
		{472CB59E-E948-4012-9F81-274DA8FE5BB1}.Debug|x86.ActiveCfg = Debug|Any CPU
		{472CB59E-E948-4012-9F81-274DA8FE5BB1}.Debug|x86.Build.0 = Debug|Any CPU
		{472CB59E-E948-4012-9F81-274DA8FE5BB1}.Release|Any CPU.ActiveCfg = Release|Any CPU
		{472CB59E-E948-4012-9F81-274DA8FE5BB1}.Release|Any CPU.Build.0 = Release|Any CPU
		{472CB59E-E948-4012-9F81-274DA8FE5BB1}.Release|x64.ActiveCfg = Release|Any CPU
		{472CB59E-E948-4012-9F81-274DA8FE5BB1}.Release|x64.Build.0 = Release|Any CPU
		{472CB59E-E948-4012-9F81-274DA8FE5BB1}.Release|x86.ActiveCfg = Release|Any CPU
		{472CB59E-E948-4012-9F81-274DA8FE5BB1}.Release|x86.Build.0 = Release|Any CPU
		{4133F32A-18CA-42CF-8E57-87AD41D871BD}.Debug|Any CPU.ActiveCfg = Debug|Any CPU
		{4133F32A-18CA-42CF-8E57-87AD41D871BD}.Debug|Any CPU.Build.0 = Debug|Any CPU
		{4133F32A-18CA-42CF-8E57-87AD41D871BD}.Debug|x64.ActiveCfg = Debug|Any CPU
		{4133F32A-18CA-42CF-8E57-87AD41D871BD}.Debug|x64.Build.0 = Debug|Any CPU
		{4133F32A-18CA-42CF-8E57-87AD41D871BD}.Debug|x86.ActiveCfg = Debug|Any CPU
		{4133F32A-18CA-42CF-8E57-87AD41D871BD}.Debug|x86.Build.0 = Debug|Any CPU
		{4133F32A-18CA-42CF-8E57-87AD41D871BD}.Release|Any CPU.ActiveCfg = Release|Any CPU
		{4133F32A-18CA-42CF-8E57-87AD41D871BD}.Release|Any CPU.Build.0 = Release|Any CPU
		{4133F32A-18CA-42CF-8E57-87AD41D871BD}.Release|x64.ActiveCfg = Release|Any CPU
		{4133F32A-18CA-42CF-8E57-87AD41D871BD}.Release|x64.Build.0 = Release|Any CPU
		{4133F32A-18CA-42CF-8E57-87AD41D871BD}.Release|x86.ActiveCfg = Release|Any CPU
		{4133F32A-18CA-42CF-8E57-87AD41D871BD}.Release|x86.Build.0 = Release|Any CPU
		{2E1E9451-9BBC-4A30-A3FB-5D1B082B248C}.Debug|Any CPU.ActiveCfg = Debug|Any CPU
		{2E1E9451-9BBC-4A30-A3FB-5D1B082B248C}.Debug|Any CPU.Build.0 = Debug|Any CPU
		{2E1E9451-9BBC-4A30-A3FB-5D1B082B248C}.Debug|x64.ActiveCfg = Debug|Any CPU
		{2E1E9451-9BBC-4A30-A3FB-5D1B082B248C}.Debug|x64.Build.0 = Debug|Any CPU
		{2E1E9451-9BBC-4A30-A3FB-5D1B082B248C}.Debug|x86.ActiveCfg = Debug|Any CPU
		{2E1E9451-9BBC-4A30-A3FB-5D1B082B248C}.Debug|x86.Build.0 = Debug|Any CPU
		{2E1E9451-9BBC-4A30-A3FB-5D1B082B248C}.Release|Any CPU.ActiveCfg = Release|Any CPU
		{2E1E9451-9BBC-4A30-A3FB-5D1B082B248C}.Release|Any CPU.Build.0 = Release|Any CPU
		{2E1E9451-9BBC-4A30-A3FB-5D1B082B248C}.Release|x64.ActiveCfg = Release|Any CPU
		{2E1E9451-9BBC-4A30-A3FB-5D1B082B248C}.Release|x64.Build.0 = Release|Any CPU
		{2E1E9451-9BBC-4A30-A3FB-5D1B082B248C}.Release|x86.ActiveCfg = Release|Any CPU
		{2E1E9451-9BBC-4A30-A3FB-5D1B082B248C}.Release|x86.Build.0 = Release|Any CPU
		{18548946-8CF9-4AA9-885B-F59A9C9DFC50}.Debug|Any CPU.ActiveCfg = Debug|Any CPU
		{18548946-8CF9-4AA9-885B-F59A9C9DFC50}.Debug|Any CPU.Build.0 = Debug|Any CPU
		{18548946-8CF9-4AA9-885B-F59A9C9DFC50}.Debug|x64.ActiveCfg = Debug|Any CPU
		{18548946-8CF9-4AA9-885B-F59A9C9DFC50}.Debug|x64.Build.0 = Debug|Any CPU
		{18548946-8CF9-4AA9-885B-F59A9C9DFC50}.Debug|x86.ActiveCfg = Debug|Any CPU
		{18548946-8CF9-4AA9-885B-F59A9C9DFC50}.Debug|x86.Build.0 = Debug|Any CPU
		{18548946-8CF9-4AA9-885B-F59A9C9DFC50}.Release|Any CPU.ActiveCfg = Release|Any CPU
		{18548946-8CF9-4AA9-885B-F59A9C9DFC50}.Release|Any CPU.Build.0 = Release|Any CPU
		{18548946-8CF9-4AA9-885B-F59A9C9DFC50}.Release|x64.ActiveCfg = Release|Any CPU
		{18548946-8CF9-4AA9-885B-F59A9C9DFC50}.Release|x64.Build.0 = Release|Any CPU
		{18548946-8CF9-4AA9-885B-F59A9C9DFC50}.Release|x86.ActiveCfg = Release|Any CPU
		{18548946-8CF9-4AA9-885B-F59A9C9DFC50}.Release|x86.Build.0 = Release|Any CPU
	EndGlobalSection
	GlobalSection(SolutionProperties) = preSolution
		HideSolutionNode = FALSE
	EndGlobalSection
	GlobalSection(ExtensibilityGlobals) = postSolution
		SolutionGuid = {A4107D7A-343D-4C41-A3E9-82381BB5CA5A}
	EndGlobalSection
EndGlobal
